
Microsoft Visual Studio Solution File, Format Version 12.00
# Visual Studio Version 17
VisualStudioVersion = 17.7.34024.191
MinimumVisualStudioVersion = 10.0.40219.1
Project("{FAE04EC0-301F-11D3-BF4B-00C04F79EFBC}") = "KeePass", "KeePass.csproj", "{4ED3C17D-33E6-4B86-9FA0-DA774B7CD387}"
EndProject
Global
	GlobalSection(SolutionConfigurationPlatforms) = preSolution
		Debug|Any CPU = Debug|Any CPU
		Release|Any CPU = Release|Any CPU
	EndGlobalSection
	GlobalSection(ProjectConfigurationPlatforms) = postSolution
		{4ED3C17D-33E6-4B86-9FA0-DA774B7CD387}.Debug|Any CPU.ActiveCfg = Debug|Any CPU
		{4ED3C17D-33E6-4B86-9FA0-DA774B7CD387}.Debug|Any CPU.Build.0 = Debug|Any CPU
		{4ED3C17D-33E6-4B86-9FA0-DA774B7CD387}.Release|Any CPU.ActiveCfg = Release|Any CPU
		{4ED3C17D-33E6-4B86-9FA0-DA774B7CD387}.Release|Any CPU.Build.0 = Release|Any CPU
	EndGlobalSection
	GlobalSection(SolutionProperties) = preSolution
		HideSolutionNode = FALSE
	EndGlobalSection
	GlobalSection(ExtensibilityGlobals) = postSolution
		SolutionGuid = {DA10AED3-D4A0-4DAE-A232-6865608505BE}
	EndGlobalSection
EndGlobal
