
Microsoft Visual Studio Solution File, Format Version 12.00
# Visual Studio Version 17
VisualStudioVersion = 17.7.34024.191
MinimumVisualStudioVersion = 10.0.40219.1
Project("{FAE04EC0-301F-11D3-BF4B-00C04F79EFBC}") = "OpenVPN", "OpenVPN.csproj", "{78DE9716-84E8-4469-A5AE-F3E43181C28B}"
EndProject
Global
	GlobalSection(SolutionConfigurationPlatforms) = preSolution
		Debug|Any CPU = Debug|Any CPU
		Release|Any CPU = Release|Any CPU
	EndGlobalSection
	GlobalSection(ProjectConfigurationPlatforms) = postSolution
		{78DE9716-84E8-4469-A5AE-F3E43181C28B}.Debug|Any CPU.ActiveCfg = Debug|Any CPU
		{78DE9716-84E8-4469-A5AE-F3E43181C28B}.Debug|Any CPU.Build.0 = Debug|Any CPU
		{78DE9716-84E8-4469-A5AE-F3E43181C28B}.Release|Any CPU.ActiveCfg = Release|Any CPU
		{78DE9716-84E8-4469-A5AE-F3E43181C28B}.Release|Any CPU.Build.0 = Release|Any CPU
	EndGlobalSection
	GlobalSection(SolutionProperties) = preSolution
		HideSolutionNode = FALSE
	EndGlobalSection
	GlobalSection(ExtensibilityGlobals) = postSolution
		SolutionGuid = {3BA80B0B-A5E6-4E88-B634-F86696AD92BF}
	EndGlobalSection
EndGlobal
